
Microsoft Visual Studio Solution File, Format Version 12.00
# Visual Studio 15
VisualStudioVersion = 15.0.26430.6
MinimumVisualStudioVersion = 10.0.40219.1
Project("{FAE04EC0-301F-11D3-BF4B-00C04F79EFBC}") = "Blackjack", "Blackjack\Blackjack.csproj", "{5507F051-4B6B-49B0-A5AC-F59FD78F120D}"
EndProject
Project("{FAE04EC0-301F-11D3-BF4B-00C04F79EFBC}") = "BlackjackTests", "BlackjackTests\BlackjackTests.csproj", "{B8240FCF-5DF4-4BA7-A594-212C431CF1DB}"
EndProject
Global
	GlobalSection(SolutionConfigurationPlatforms) = preSolution
		Debug|Any CPU = Debug|Any CPU
		Release|Any CPU = Release|Any CPU
	EndGlobalSection
	GlobalSection(ProjectConfigurationPlatforms) = postSolution
		{5507F051-4B6B-49B0-A5AC-F59FD78F120D}.Debug|Any CPU.ActiveCfg = Debug|Any CPU
		{5507F051-4B6B-49B0-A5AC-F59FD78F120D}.Debug|Any CPU.Build.0 = Debug|Any CPU
		{5507F051-4B6B-49B0-A5AC-F59FD78F120D}.Release|Any CPU.ActiveCfg = Release|Any CPU
		{5507F051-4B6B-49B0-A5AC-F59FD78F120D}.Release|Any CPU.Build.0 = Release|Any CPU
		{B8240FCF-5DF4-4BA7-A594-212C431CF1DB}.Debug|Any CPU.ActiveCfg = Debug|Any CPU
		{B8240FCF-5DF4-4BA7-A594-212C431CF1DB}.Debug|Any CPU.Build.0 = Debug|Any CPU
		{B8240FCF-5DF4-4BA7-A594-212C431CF1DB}.Release|Any CPU.ActiveCfg = Release|Any CPU
		{B8240FCF-5DF4-4BA7-A594-212C431CF1DB}.Release|Any CPU.Build.0 = Release|Any CPU
	EndGlobalSection
	GlobalSection(SolutionProperties) = preSolution
		HideSolutionNode = FALSE
	EndGlobalSection
EndGlobal
